
Microsoft Visual Studio Solution File, Format Version 12.00
# Visual Studio Version 17
VisualStudioVersion = 17.5.33530.505
MinimumVisualStudioVersion = 10.0.40219.1
Project("{FAE04EC0-301F-11D3-BF4B-00C04F79EFBC}") = "10_DifferentProjects", "10_DifferentProjects\10_DifferentProjects.csproj", "{EECF5179-35C5-49C6-BD68-C60D85FB8827}"
EndProject
Global
	GlobalSection(SolutionConfigurationPlatforms) = preSolution
		Debug|Any CPU = Debug|Any CPU
		Release|Any CPU = Release|Any CPU
	EndGlobalSection
	GlobalSection(ProjectConfigurationPlatforms) = postSolution
		{EECF5179-35C5-49C6-BD68-C60D85FB8827}.Debug|Any CPU.ActiveCfg = Debug|Any CPU
		{EECF5179-35C5-49C6-BD68-C60D85FB8827}.Debug|Any CPU.Build.0 = Debug|Any CPU
		{EECF5179-35C5-49C6-BD68-C60D85FB8827}.Release|Any CPU.ActiveCfg = Release|Any CPU
		{EECF5179-35C5-49C6-BD68-C60D85FB8827}.Release|Any CPU.Build.0 = Release|Any CPU
	EndGlobalSection
	GlobalSection(SolutionProperties) = preSolution
		HideSolutionNode = FALSE
	EndGlobalSection
	GlobalSection(ExtensibilityGlobals) = postSolution
		SolutionGuid = {305EB8D8-FB2A-4A03-A2ED-4F72FDE0714B}
	EndGlobalSection
EndGlobal
